
Microsoft Visual Studio Solution File, Format Version 12.00
# Visual Studio Version 16
VisualStudioVersion = 16.0.29905.134
MinimumVisualStudioVersion = 10.0.40219.1
Project("{FAE04EC0-301F-11D3-BF4B-00C04F79EFBC}") = "COVID19", "COVID19\COVID19.csproj", "{605B6DEA-8DFB-4FAE-8E5F-FB50538483A3}"
EndProject
Global
	GlobalSection(SolutionConfigurationPlatforms) = preSolution
		Debug|Any CPU = Debug|Any CPU
		Release|Any CPU = Release|Any CPU
	EndGlobalSection
	GlobalSection(ProjectConfigurationPlatforms) = postSolution
		{605B6DEA-8DFB-4FAE-8E5F-FB50538483A3}.Debug|Any CPU.ActiveCfg = Debug|Any CPU
		{605B6DEA-8DFB-4FAE-8E5F-FB50538483A3}.Debug|Any CPU.Build.0 = Debug|Any CPU
		{605B6DEA-8DFB-4FAE-8E5F-FB50538483A3}.Release|Any CPU.ActiveCfg = Release|Any CPU
		{605B6DEA-8DFB-4FAE-8E5F-FB50538483A3}.Release|Any CPU.Build.0 = Release|Any CPU
	EndGlobalSection
	GlobalSection(SolutionProperties) = preSolution
		HideSolutionNode = FALSE
	EndGlobalSection
	GlobalSection(ExtensibilityGlobals) = postSolution
		SolutionGuid = {D1C065F4-7936-4AE6-B24B-2873978B129E}
	EndGlobalSection
EndGlobal
